// !$*UTF8*$!
{
	archiveVersion = 1;
	classes = {
	};
	objectVersion = 45;
	objects = {

/* Begin PBXAggregateTarget section */
		233E2C640A83C768005A62DF /* Build & Copy */ = {
			isa = PBXAggregateTarget;
			buildConfigurationList = 233E2D890A83C7AC005A62DF /* Build configuration list for PBXAggregateTarget "Build & Copy" */;
			buildPhases = (
				233E2C690A83C783005A62DF /* ShellScript */,
			);
			dependencies = (
				233E2C660A83C76D005A62DF /* PBXTargetDependency */,
			);
			name = "Build & Copy";
			productName = "Build & Install";
		};
/* End PBXAggregateTarget section */

/* Begin PBXBuildFile section */
		16BA95420A7EB2EB001E4983 /* soundPlayerFFTPlugin.mm in Sources */ = {isa = PBXBuildFile; fileRef = 16BA95410A7EB2EB001E4983 /* soundPlayerFFTPlugin.mm */; };
		1B4276B91081465100360A9F /* Quartz.framework in Frameworks */ = {isa = PBXBuildFile; fileRef = 1B4276B81081465100360A9F /* Quartz.framework */; };
		1B4277D910816F3200360A9F /* testApp.cpp in Sources */ = {isa = PBXBuildFile; fileRef = 1B4277D710816F3200360A9F /* testApp.cpp */; };
		1B4277E81081703400360A9F /* Cocoa.framework in Frameworks */ = {isa = PBXBuildFile; fileRef = 1058C7ADFEA557BF11CA2CBB /* Cocoa.framework */; };
		1B915A35108EECD400EFDC51 /* dog.mp3 in Data */ = {isa = PBXBuildFile; fileRef = 1B915A31108EECB900EFDC51 /* dog.mp3 */; };
		1B915A36108EECD400EFDC51 /* jdee_beat.mp3 in Data */ = {isa = PBXBuildFile; fileRef = 1B915A32108EECB900EFDC51 /* jdee_beat.mp3 */; };
		1B915A37108EECD400EFDC51 /* ow.mp3 in Data */ = {isa = PBXBuildFile; fileRef = 1B915A33108EECB900EFDC51 /* ow.mp3 */; };
		1B915A38108EECD400EFDC51 /* rooster.mp3 in Data */ = {isa = PBXBuildFile; fileRef = 1B915A34108EECB900EFDC51 /* rooster.mp3 */; };
		1BED7EE4118A7FD300233D7C /* ofxQCBaseWindowProxy.cpp in Sources */ = {isa = PBXBuildFile; fileRef = 1BED7EDF118A7FD300233D7C /* ofxQCBaseWindowProxy.cpp */; };
		1BED7EE5118A7FD300233D7C /* ofxQCIOUtilities.mm in Sources */ = {isa = PBXBuildFile; fileRef = 1BED7EE1118A7FD300233D7C /* ofxQCIOUtilities.mm */; };
		1BED7F20118A7FF200233D7C /* AppKit.framework in Frameworks */ = {isa = PBXBuildFile; fileRef = 1BED7EEA118A7FF200233D7C /* AppKit.framework */; };
		1BED7F21118A7FF200233D7C /* Cocoa.framework in Frameworks */ = {isa = PBXBuildFile; fileRef = 1BED7EEB118A7FF200233D7C /* Cocoa.framework */; };
		1BED7F22118A7FF200233D7C /* IOKit.framework in Frameworks */ = {isa = PBXBuildFile; fileRef = 1BED7EEC118A7FF200233D7C /* IOKit.framework */; };
		1BED7F23118A7FF200233D7C /* AGL.framework in Frameworks */ = {isa = PBXBuildFile; fileRef = 1BED7EED118A7FF200233D7C /* AGL.framework */; };
		1BED7F24118A7FF200233D7C /* ApplicationServices.framework in Frameworks */ = {isa = PBXBuildFile; fileRef = 1BED7EEE118A7FF200233D7C /* ApplicationServices.framework */; };
		1BED7F25118A7FF200233D7C /* AudioToolbox.framework in Frameworks */ = {isa = PBXBuildFile; fileRef = 1BED7EEF118A7FF200233D7C /* AudioToolbox.framework */; };
		1BED7F26118A7FF200233D7C /* Carbon.framework in Frameworks */ = {isa = PBXBuildFile; fileRef = 1BED7EF0118A7FF200233D7C /* Carbon.framework */; };
		1BED7F27118A7FF200233D7C /* CoreAudio.framework in Frameworks */ = {isa = PBXBuildFile; fileRef = 1BED7EF1118A7FF200233D7C /* CoreAudio.framework */; };
		1BED7F28118A7FF200233D7C /* CoreFoundation.framework in Frameworks */ = {isa = PBXBuildFile; fileRef = 1BED7EF2118A7FF200233D7C /* CoreFoundation.framework */; };
		1BED7F29118A7FF200233D7C /* CoreServices.framework in Frameworks */ = {isa = PBXBuildFile; fileRef = 1BED7EF3118A7FF200233D7C /* CoreServices.framework */; };
		1BED7F2A118A7FF200233D7C /* OpenGL.framework in Frameworks */ = {isa = PBXBuildFile; fileRef = 1BED7EF4118A7FF200233D7C /* OpenGL.framework */; };
		1BED7F2B118A7FF200233D7C /* QuickTime.framework in Frameworks */ = {isa = PBXBuildFile; fileRef = 1BED7EF5118A7FF200233D7C /* QuickTime.framework */; };
		1BED7F2C118A7FF200233D7C /* GLUT.framework in Frameworks */ = {isa = PBXBuildFile; fileRef = 1BED7EFA118A7FF200233D7C /* GLUT.framework */; };
		1BED7F2D118A7FF200233D7C /* CppUnit.a in Frameworks */ = {isa = PBXBuildFile; fileRef = 1BED7EFD118A7FF200233D7C /* CppUnit.a */; };
		1BED7F2E118A7FF300233D7C /* PocoFoundation.a in Frameworks */ = {isa = PBXBuildFile; fileRef = 1BED7EFE118A7FF200233D7C /* PocoFoundation.a */; };
		1BED7F2F118A7FF300233D7C /* PocoNet.a in Frameworks */ = {isa = PBXBuildFile; fileRef = 1BED7EFF118A7FF200233D7C /* PocoNet.a */; };
		1BED7F30118A7FF300233D7C /* PocoUtil.a in Frameworks */ = {isa = PBXBuildFile; fileRef = 1BED7F00118A7FF200233D7C /* PocoUtil.a */; };
		1BED7F31118A7FF300233D7C /* PocoXML.a in Frameworks */ = {isa = PBXBuildFile; fileRef = 1BED7F01118A7FF200233D7C /* PocoXML.a */; };
		1BED7F32118A7FF300233D7C /* rtAudio.a in Frameworks */ = {isa = PBXBuildFile; fileRef = 1BED7F08118A7FF200233D7C /* rtAudio.a */; };
		1BED7F33118A7FF300233D7C /* GLee.a in Frameworks */ = {isa = PBXBuildFile; fileRef = 1BED7F0D118A7FF200233D7C /* GLee.a */; };
		1BED7F34118A7FF300233D7C /* freetype.a in Frameworks */ = {isa = PBXBuildFile; fileRef = 1BED7F10118A7FF200233D7C /* freetype.a */; };
		1BED7F35118A7FF300233D7C /* libfmodex.dylib in Frameworks */ = {isa = PBXBuildFile; fileRef = 1BED7F1A118A7FF200233D7C /* libfmodex.dylib */; };
		1BED7F36118A7FF300233D7C /* freeimage.a in Frameworks */ = {isa = PBXBuildFile; fileRef = 1BED7F1D118A7FF200233D7C /* freeimage.a */; };
		1BED7F38118A801E00233D7C /* GLUT.framework in Copy Library */ = {isa = PBXBuildFile; fileRef = 1BED7EFA118A7FF200233D7C /* GLUT.framework */; };
		1BED8091118A82DA00233D7C /* openFrameworksDebug.a in Frameworks */ = {isa = PBXBuildFile; fileRef = 1BED7EDA118A7FCC00233D7C /* openFrameworksDebug.a */; };
		1BED80D6118A85D500233D7C /* libfmodex.dylib in Copy Library */ = {isa = PBXBuildFile; fileRef = 1BED7F1A118A7FF200233D7C /* libfmodex.dylib */; };
/* End PBXBuildFile section */

/* Begin PBXContainerItemProxy section */
		1BED7ED9118A7FCC00233D7C /* PBXContainerItemProxy */ = {
			isa = PBXContainerItemProxy;
			containerPortal = 1BED7ED5118A7FCC00233D7C /* openFrameworksLib.xcodeproj */;
			proxyType = 2;
			remoteGlobalIDString = E4B27C1510CBEB8E00536013;
			remoteInfo = openFrameworks;
		};
		233E2C650A83C76D005A62DF /* PBXContainerItemProxy */ = {
			isa = PBXContainerItemProxy;
			containerPortal = 089C1669FE841209C02AAC07 /* Project object */;
			proxyType = 1;
			remoteGlobalIDString = 8D5B49AC048680CD000E48DA;
			remoteInfo = "QC Plugin Test";
		};
/* End PBXContainerItemProxy section */

/* Begin PBXCopyFilesBuildPhase section */
		1B427870108186A700360A9F /* Copy Library */ = {
			isa = PBXCopyFilesBuildPhase;
			buildActionMask = 2147483647;
			dstPath = "";
			dstSubfolderSpec = 10;
			files = (
				1BED80D6118A85D500233D7C /* libfmodex.dylib in Copy Library */,
				1BED7F38118A801E00233D7C /* GLUT.framework in Copy Library */,
			);
			name = "Copy Library";
			runOnlyForDeploymentPostprocessing = 0;
		};
		1B8CA42110845A9C00C63002 /* Data */ = {
			isa = PBXCopyFilesBuildPhase;
			buildActionMask = 2147483647;
			dstPath = Data;
			dstSubfolderSpec = 7;
			files = (
				1B915A35108EECD400EFDC51 /* dog.mp3 in Data */,
				1B915A36108EECD400EFDC51 /* jdee_beat.mp3 in Data */,
				1B915A37108EECD400EFDC51 /* ow.mp3 in Data */,
				1B915A38108EECD400EFDC51 /* rooster.mp3 in Data */,
			);
			name = Data;
			runOnlyForDeploymentPostprocessing = 0;
		};
/* End PBXCopyFilesBuildPhase section */

/* Begin PBXFileReference section */
		1058C7ADFEA557BF11CA2CBB /* Cocoa.framework */ = {isa = PBXFileReference; lastKnownFileType = wrapper.framework; name = Cocoa.framework; path = /System/Library/Frameworks/Cocoa.framework; sourceTree = "<absolute>"; };
		16BA95400A7EB2EB001E4983 /* soundPlayerFFTPlugin.h */ = {isa = PBXFileReference; fileEncoding = 30; lastKnownFileType = sourcecode.c.h; path = soundPlayerFFTPlugin.h; sourceTree = "<group>"; };
		16BA95410A7EB2EB001E4983 /* soundPlayerFFTPlugin.mm */ = {isa = PBXFileReference; fileEncoding = 30; lastKnownFileType = sourcecode.cpp.objcpp; path = soundPlayerFFTPlugin.mm; sourceTree = "<group>"; };
		1B4276B81081465100360A9F /* Quartz.framework */ = {isa = PBXFileReference; lastKnownFileType = wrapper.framework; name = Quartz.framework; path = System/Library/Frameworks/Quartz.framework; sourceTree = SDKROOT; };
		1B4277D710816F3200360A9F /* testApp.cpp */ = {isa = PBXFileReference; fileEncoding = 4; lastKnownFileType = sourcecode.cpp.cpp; path = testApp.cpp; sourceTree = "<group>"; };
		1B4277D810816F3200360A9F /* testApp.h */ = {isa = PBXFileReference; fileEncoding = 4; lastKnownFileType = sourcecode.c.h; path = testApp.h; sourceTree = "<group>"; };
		1B915A31108EECB900EFDC51 /* dog.mp3 */ = {isa = PBXFileReference; lastKnownFileType = audio.mp3; path = dog.mp3; sourceTree = "<group>"; };
		1B915A32108EECB900EFDC51 /* jdee_beat.mp3 */ = {isa = PBXFileReference; lastKnownFileType = audio.mp3; path = jdee_beat.mp3; sourceTree = "<group>"; };
		1B915A33108EECB900EFDC51 /* ow.mp3 */ = {isa = PBXFileReference; lastKnownFileType = audio.mp3; path = ow.mp3; sourceTree = "<group>"; };
		1B915A34108EECB900EFDC51 /* rooster.mp3 */ = {isa = PBXFileReference; lastKnownFileType = audio.mp3; path = rooster.mp3; sourceTree = "<group>"; };
		1BED7ED5118A7FCC00233D7C /* openFrameworksLib.xcodeproj */ = {isa = PBXFileReference; lastKnownFileType = "wrapper.pb-project"; name = openFrameworksLib.xcodeproj; path = ../../../libs/openFrameworksCompiled/project/osx/openFrameworksLib.xcodeproj; sourceTree = SOURCE_ROOT; };
		1BED7EDD118A7FD300233D7C /* ofxQCPlugin.h */ = {isa = PBXFileReference; fileEncoding = 4; lastKnownFileType = sourcecode.c.h; path = ofxQCPlugin.h; sourceTree = "<group>"; };
		1BED7EDE118A7FD300233D7C /* ofxQCBaseWindowProxy.h */ = {isa = PBXFileReference; fileEncoding = 4; lastKnownFileType = sourcecode.c.h; path = ofxQCBaseWindowProxy.h; sourceTree = "<group>"; };
		1BED7EDF118A7FD300233D7C /* ofxQCBaseWindowProxy.cpp */ = {isa = PBXFileReference; fileEncoding = 4; lastKnownFileType = sourcecode.cpp.cpp; path = ofxQCBaseWindowProxy.cpp; sourceTree = "<group>"; };
		1BED7EE0118A7FD300233D7C /* ofxQCIOUtilities.h */ = {isa = PBXFileReference; fileEncoding = 4; lastKnownFileType = sourcecode.c.h; path = ofxQCIOUtilities.h; sourceTree = "<group>"; };
		1BED7EE1118A7FD300233D7C /* ofxQCIOUtilities.mm */ = {isa = PBXFileReference; fileEncoding = 4; lastKnownFileType = sourcecode.cpp.objcpp; path = ofxQCIOUtilities.mm; sourceTree = "<group>"; };
		1BED7EE2118A7FD300233D7C /* ofxQCPluginSuperClass.h */ = {isa = PBXFileReference; fileEncoding = 4; lastKnownFileType = sourcecode.c.h; path = ofxQCPluginSuperClass.h; sourceTree = "<group>"; };
		1BED7EE3118A7FD300233D7C /* ofxQCPluginSuperClass.mm */ = {isa = PBXFileReference; fileEncoding = 4; lastKnownFileType = sourcecode.cpp.objcpp; path = ofxQCPluginSuperClass.mm; sourceTree = "<group>"; };
		1BED7EEA118A7FF200233D7C /* AppKit.framework */ = {isa = PBXFileReference; lastKnownFileType = wrapper.framework; name = AppKit.framework; path = /System/Library/Frameworks/AppKit.framework; sourceTree = "<absolute>"; };
		1BED7EEB118A7FF200233D7C /* Cocoa.framework */ = {isa = PBXFileReference; lastKnownFileType = wrapper.framework; name = Cocoa.framework; path = /System/Library/Frameworks/Cocoa.framework; sourceTree = "<absolute>"; };
		1BED7EEC118A7FF200233D7C /* IOKit.framework */ = {isa = PBXFileReference; lastKnownFileType = wrapper.framework; name = IOKit.framework; path = /System/Library/Frameworks/IOKit.framework; sourceTree = "<absolute>"; };
		1BED7EED118A7FF200233D7C /* AGL.framework */ = {isa = PBXFileReference; lastKnownFileType = wrapper.framework; name = AGL.framework; path = /System/Library/Frameworks/AGL.framework; sourceTree = "<absolute>"; };
		1BED7EEE118A7FF200233D7C /* ApplicationServices.framework */ = {isa = PBXFileReference; lastKnownFileType = wrapper.framework; name = ApplicationServices.framework; path = /System/Library/Frameworks/ApplicationServices.framework; sourceTree = "<absolute>"; };
		1BED7EEF118A7FF200233D7C /* AudioToolbox.framework */ = {isa = PBXFileReference; lastKnownFileType = wrapper.framework; name = AudioToolbox.framework; path = /System/Library/Frameworks/AudioToolbox.framework; sourceTree = "<absolute>"; };
		1BED7EF0118A7FF200233D7C /* Carbon.framework */ = {isa = PBXFileReference; lastKnownFileType = wrapper.framework; name = Carbon.framework; path = /System/Library/Frameworks/Carbon.framework; sourceTree = "<absolute>"; };
		1BED7EF1118A7FF200233D7C /* CoreAudio.framework */ = {isa = PBXFileReference; lastKnownFileType = wrapper.framework; name = CoreAudio.framework; path = /System/Library/Frameworks/CoreAudio.framework; sourceTree = "<absolute>"; };
		1BED7EF2118A7FF200233D7C /* CoreFoundation.framework */ = {isa = PBXFileReference; lastKnownFileType = wrapper.framework; name = CoreFoundation.framework; path = /System/Library/Frameworks/CoreFoundation.framework; sourceTree = "<absolute>"; };
		1BED7EF3118A7FF200233D7C /* CoreServices.framework */ = {isa = PBXFileReference; lastKnownFileType = wrapper.framework; name = CoreServices.framework; path = /System/Library/Frameworks/CoreServices.framework; sourceTree = "<absolute>"; };
		1BED7EF4118A7FF200233D7C /* OpenGL.framework */ = {isa = PBXFileReference; lastKnownFileType = wrapper.framework; name = OpenGL.framework; path = /System/Library/Frameworks/OpenGL.framework; sourceTree = "<absolute>"; };
		1BED7EF5118A7FF200233D7C /* QuickTime.framework */ = {isa = PBXFileReference; lastKnownFileType = wrapper.framework; name = QuickTime.framework; path = /System/Library/Frameworks/QuickTime.framework; sourceTree = "<absolute>"; };
		1BED7EFA118A7FF200233D7C /* GLUT.framework */ = {isa = PBXFileReference; lastKnownFileType = wrapper.framework; path = GLUT.framework; sourceTree = "<group>"; };
		1BED7EFD118A7FF200233D7C /* CppUnit.a */ = {isa = PBXFileReference; lastKnownFileType = archive.ar; path = CppUnit.a; sourceTree = "<group>"; };
		1BED7EFE118A7FF200233D7C /* PocoFoundation.a */ = {isa = PBXFileReference; lastKnownFileType = archive.ar; path = PocoFoundation.a; sourceTree = "<group>"; };
		1BED7EFF118A7FF200233D7C /* PocoNet.a */ = {isa = PBXFileReference; lastKnownFileType = archive.ar; path = PocoNet.a; sourceTree = "<group>"; };
		1BED7F00118A7FF200233D7C /* PocoUtil.a */ = {isa = PBXFileReference; lastKnownFileType = archive.ar; path = PocoUtil.a; sourceTree = "<group>"; };
		1BED7F01118A7FF200233D7C /* PocoXML.a */ = {isa = PBXFileReference; lastKnownFileType = archive.ar; path = PocoXML.a; sourceTree = "<group>"; };
		1BED7F04118A7FF200233D7C /* asio */ = {isa = PBXFileReference; fileEncoding = 4; lastKnownFileType = text; path = asio; sourceTree = "<group>"; };
		1BED7F05118A7FF200233D7C /* RtAudio.h */ = {isa = PBXFileReference; fileEncoding = 4; lastKnownFileType = sourcecode.c.h; path = RtAudio.h; sourceTree = "<group>"; };
		1BED7F06118A7FF200233D7C /* RtError.h */ = {isa = PBXFileReference; fileEncoding = 4; lastKnownFileType = sourcecode.c.h; path = RtError.h; sourceTree = "<group>"; };
		1BED7F08118A7FF200233D7C /* rtAudio.a */ = {isa = PBXFileReference; lastKnownFileType = archive.ar; path = rtAudio.a; sourceTree = "<group>"; };
		1BED7F0B118A7FF200233D7C /* GLee.h */ = {isa = PBXFileReference; fileEncoding = 4; lastKnownFileType = sourcecode.c.h; path = GLee.h; sourceTree = "<group>"; };
		1BED7F0D118A7FF200233D7C /* GLee.a */ = {isa = PBXFileReference; lastKnownFileType = archive.ar; path = GLee.a; sourceTree = "<group>"; };
		1BED7F10118A7FF200233D7C /* freetype.a */ = {isa = PBXFileReference; lastKnownFileType = archive.ar; path = freetype.a; sourceTree = "<group>"; };
		1BED7F13118A7FF200233D7C /* fmod.h */ = {isa = PBXFileReference; fileEncoding = 4; lastKnownFileType = sourcecode.c.h; path = fmod.h; sourceTree = "<group>"; };
		1BED7F14118A7FF200233D7C /* fmod.hpp */ = {isa = PBXFileReference; fileEncoding = 4; lastKnownFileType = sourcecode.cpp.h; path = fmod.hpp; sourceTree = "<group>"; };
		1BED7F15118A7FF200233D7C /* fmod_codec.h */ = {isa = PBXFileReference; fileEncoding = 4; lastKnownFileType = sourcecode.c.h; path = fmod_codec.h; sourceTree = "<group>"; };
		1BED7F16118A7FF200233D7C /* fmod_dsp.h */ = {isa = PBXFileReference; fileEncoding = 4; lastKnownFileType = sourcecode.c.h; path = fmod_dsp.h; sourceTree = "<group>"; };
		1BED7F17118A7FF200233D7C /* fmod_errors.h */ = {isa = PBXFileReference; fileEncoding = 4; lastKnownFileType = sourcecode.c.h; path = fmod_errors.h; sourceTree = "<group>"; };
		1BED7F18118A7FF200233D7C /* fmod_output.h */ = {isa = PBXFileReference; fileEncoding = 4; lastKnownFileType = sourcecode.c.h; path = fmod_output.h; sourceTree = "<group>"; };
		1BED7F1A118A7FF200233D7C /* libfmodex.dylib */ = {isa = PBXFileReference; lastKnownFileType = "compiled.mach-o.dylib"; path = libfmodex.dylib; sourceTree = "<group>"; };
		1BED7F1D118A7FF200233D7C /* freeimage.a */ = {isa = PBXFileReference; lastKnownFileType = archive.ar; path = freeimage.a; sourceTree = "<group>"; };
		1BED7F1F118A7FF200233D7C /* FreeImage.h */ = {isa = PBXFileReference; fileEncoding = 4; lastKnownFileType = sourcecode.c.h; path = FreeImage.h; sourceTree = "<group>"; };
		8D5B49B6048680CD000E48DA /* soundPlayerFFTDemo.plugin */ = {isa = PBXFileReference; explicitFileType = wrapper.cfbundle; includeInIndex = 0; path = soundPlayerFFTDemo.plugin; sourceTree = BUILT_PRODUCTS_DIR; };
		8D5B49B7048680CD000E48DA /* Info.plist */ = {isa = PBXFileReference; fileEncoding = 4; lastKnownFileType = text.plist.xml; path = Info.plist; sourceTree = "<group>"; };
/* End PBXFileReference section */

/* Begin PBXFrameworksBuildPhase section */
		1B427698108145E400360A9F /* Frameworks */ = {
			isa = PBXFrameworksBuildPhase;
			buildActionMask = 2147483647;
			files = (
				1B4277E81081703400360A9F /* Cocoa.framework in Frameworks */,
				1B4276B91081465100360A9F /* Quartz.framework in Frameworks */,
				1BED7F20118A7FF200233D7C /* AppKit.framework in Frameworks */,
				1BED7F21118A7FF200233D7C /* Cocoa.framework in Frameworks */,
				1BED7F22118A7FF200233D7C /* IOKit.framework in Frameworks */,
				1BED7F23118A7FF200233D7C /* AGL.framework in Frameworks */,
				1BED7F24118A7FF200233D7C /* ApplicationServices.framework in Frameworks */,
				1BED7F25118A7FF200233D7C /* AudioToolbox.framework in Frameworks */,
				1BED7F26118A7FF200233D7C /* Carbon.framework in Frameworks */,
				1BED7F27118A7FF200233D7C /* CoreAudio.framework in Frameworks */,
				1BED7F28118A7FF200233D7C /* CoreFoundation.framework in Frameworks */,
				1BED7F29118A7FF200233D7C /* CoreServices.framework in Frameworks */,
				1BED7F2A118A7FF200233D7C /* OpenGL.framework in Frameworks */,
				1BED7F2B118A7FF200233D7C /* QuickTime.framework in Frameworks */,
				1BED7F2C118A7FF200233D7C /* GLUT.framework in Frameworks */,
				1BED7F2D118A7FF200233D7C /* CppUnit.a in Frameworks */,
				1BED7F2E118A7FF300233D7C /* PocoFoundation.a in Frameworks */,
				1BED7F2F118A7FF300233D7C /* PocoNet.a in Frameworks */,
				1BED8091118A82DA00233D7C /* openFrameworksDebug.a in Frameworks */,
				1BED7F30118A7FF300233D7C /* PocoUtil.a in Frameworks */,
				1BED7F31118A7FF300233D7C /* PocoXML.a in Frameworks */,
				1BED7F32118A7FF300233D7C /* rtAudio.a in Frameworks */,
				1BED7F33118A7FF300233D7C /* GLee.a in Frameworks */,
				1BED7F34118A7FF300233D7C /* freetype.a in Frameworks */,
				1BED7F35118A7FF300233D7C /* libfmodex.dylib in Frameworks */,
				1BED7F36118A7FF300233D7C /* freeimage.a in Frameworks */,
			);
			runOnlyForDeploymentPostprocessing = 0;
		};
/* End PBXFrameworksBuildPhase section */

/* Begin PBXGroup section */
		089C166AFE841209C02AAC07 /* Quartz Composer Plug In */ = {
			isa = PBXGroup;
			children = (
				08FB77AFFE84173DC02AAC07 /* src */,
				1BED7ED4118A7FCC00233D7C /* openFrameworks */,
				1BED7EDB118A7FD300233D7C /* addons */,
				1BED7EE7118A7FF200233D7C /* libs */,
				089C167CFE841241C02AAC07 /* Resources */,
				089C1671FE841209C02AAC07 /* Frameworks */,
				19C28FB8FE9D52D311CA2CBB /* Products */,
			);
			name = "Quartz Composer Plug In";
			sourceTree = "<group>";
		};
		089C1671FE841209C02AAC07 /* Frameworks */ = {
			isa = PBXGroup;
			children = (
				1B4276B81081465100360A9F /* Quartz.framework */,
				1058C7ADFEA557BF11CA2CBB /* Cocoa.framework */,
			);
			name = Frameworks;
			sourceTree = "<group>";
		};
		089C167CFE841241C02AAC07 /* Resources */ = {
			isa = PBXGroup;
			children = (
				1B915A31108EECB900EFDC51 /* dog.mp3 */,
				1B915A32108EECB900EFDC51 /* jdee_beat.mp3 */,
				1B915A33108EECB900EFDC51 /* ow.mp3 */,
				1B915A34108EECB900EFDC51 /* rooster.mp3 */,
				8D5B49B7048680CD000E48DA /* Info.plist */,
			);
			name = Resources;
			sourceTree = "<group>";
		};
		08FB77AFFE84173DC02AAC07 /* src */ = {
			isa = PBXGroup;
			children = (
				1B4277D810816F3200360A9F /* testApp.h */,
				1B4277D710816F3200360A9F /* testApp.cpp */,
				16BA95400A7EB2EB001E4983 /* soundPlayerFFTPlugin.h */,
				16BA95410A7EB2EB001E4983 /* soundPlayerFFTPlugin.mm */,
			);
			name = src;
			sourceTree = "<group>";
		};
		19C28FB8FE9D52D311CA2CBB /* Products */ = {
			isa = PBXGroup;
			children = (
				8D5B49B6048680CD000E48DA /* soundPlayerFFTDemo.plugin */,
			);
			name = Products;
			sourceTree = "<group>";
		};
		1BED7ED4118A7FCC00233D7C /* openFrameworks */ = {
			isa = PBXGroup;
			children = (
				1BED7ED5118A7FCC00233D7C /* openFrameworksLib.xcodeproj */,
			);
			name = openFrameworks;
			sourceTree = "<group>";
		};
		1BED7ED6118A7FCC00233D7C /* Products */ = {
			isa = PBXGroup;
			children = (
				1BED7EDA118A7FCC00233D7C /* openFrameworksDebug.a */,
			);
			name = Products;
			sourceTree = "<group>";
		};
		1BED7EDB118A7FD300233D7C /* addons */ = {
			isa = PBXGroup;
			children = (
				1BED7EDC118A7FD300233D7C /* ofxQCPlugin */,
			);
			name = addons;
			path = ../../../addons;
			sourceTree = SOURCE_ROOT;
		};
		1BED7EDC118A7FD300233D7C /* ofxQCPlugin */ = {
			isa = PBXGroup;
			children = (
				1BED7EDD118A7FD300233D7C /* ofxQCPlugin.h */,
				1BED7EDE118A7FD300233D7C /* ofxQCBaseWindowProxy.h */,
				1BED7EDF118A7FD300233D7C /* ofxQCBaseWindowProxy.cpp */,
				1BED7EE0118A7FD300233D7C /* ofxQCIOUtilities.h */,
				1BED7EE1118A7FD300233D7C /* ofxQCIOUtilities.mm */,
				1BED7EE2118A7FD300233D7C /* ofxQCPluginSuperClass.h */,
				1BED7EE3118A7FD300233D7C /* ofxQCPluginSuperClass.mm */,
			);
			path = ofxQCPlugin;
			sourceTree = "<group>";
		};
		1BED7EE7118A7FF200233D7C /* libs */ = {
			isa = PBXGroup;
			children = (
				1BED7EE8118A7FF200233D7C /* core */,
			);
			name = libs;
			sourceTree = "<group>";
		};
		1BED7EE8118A7FF200233D7C /* core */ = {
			isa = PBXGroup;
			children = (
				1BED7EF6118A7FF200233D7C /* core libraries */,
				1BED7EE9118A7FF200233D7C /* core frameworks */,
			);
			name = core;
			sourceTree = "<group>";
		};
		1BED7EE9118A7FF200233D7C /* core frameworks */ = {
			isa = PBXGroup;
			children = (
				1BED7EEA118A7FF200233D7C /* AppKit.framework */,
				1BED7EEB118A7FF200233D7C /* Cocoa.framework */,
				1BED7EEC118A7FF200233D7C /* IOKit.framework */,
				1BED7EED118A7FF200233D7C /* AGL.framework */,
				1BED7EEE118A7FF200233D7C /* ApplicationServices.framework */,
				1BED7EEF118A7FF200233D7C /* AudioToolbox.framework */,
				1BED7EF0118A7FF200233D7C /* Carbon.framework */,
				1BED7EF1118A7FF200233D7C /* CoreAudio.framework */,
				1BED7EF2118A7FF200233D7C /* CoreFoundation.framework */,
				1BED7EF3118A7FF200233D7C /* CoreServices.framework */,
				1BED7EF4118A7FF200233D7C /* OpenGL.framework */,
				1BED7EF5118A7FF200233D7C /* QuickTime.framework */,
			);
			name = "core frameworks";
			sourceTree = "<group>";
		};
		1BED7EF6118A7FF200233D7C /* core libraries */ = {
			isa = PBXGroup;
			children = (
				1BED7EF7118A7FF200233D7C /* glut */,
				1BED7EFB118A7FF200233D7C /* poco */,
				1BED7F02118A7FF200233D7C /* rtAudio */,
				1BED7F09118A7FF200233D7C /* GLee */,
				1BED7F0E118A7FF200233D7C /* freetype */,
				1BED7F11118A7FF200233D7C /* fmodex */,
				1BED7F1B118A7FF200233D7C /* freeimage */,
			);
			name = "core libraries";
			sourceTree = "<group>";
		};
		1BED7EF7118A7FF200233D7C /* glut */ = {
			isa = PBXGroup;
			children = (
				1BED7EF8118A7FF200233D7C /* lib */,
			);
			name = glut;
			path = ../../../libs/glut;
			sourceTree = SOURCE_ROOT;
		};
		1BED7EF8118A7FF200233D7C /* lib */ = {
			isa = PBXGroup;
			children = (
				1BED7EF9118A7FF200233D7C /* osx */,
			);
			path = lib;
			sourceTree = "<group>";
		};
		1BED7EF9118A7FF200233D7C /* osx */ = {
			isa = PBXGroup;
			children = (
				1BED7EFA118A7FF200233D7C /* GLUT.framework */,
			);
			path = osx;
			sourceTree = "<group>";
		};
		1BED7EFB118A7FF200233D7C /* poco */ = {
			isa = PBXGroup;
			children = (
				1BED7EFC118A7FF200233D7C /* osx */,
			);
			name = poco;
			path = ../../../libs/poco;
			sourceTree = SOURCE_ROOT;
		};
		1BED7EFC118A7FF200233D7C /* osx */ = {
			isa = PBXGroup;
			children = (
				1BED7EFD118A7FF200233D7C /* CppUnit.a */,
				1BED7EFE118A7FF200233D7C /* PocoFoundation.a */,
				1BED7EFF118A7FF200233D7C /* PocoNet.a */,
				1BED7F00118A7FF200233D7C /* PocoUtil.a */,
				1BED7F01118A7FF200233D7C /* PocoXML.a */,
			);
			name = osx;
			path = lib/osx;
			sourceTree = "<group>";
		};
		1BED7F02118A7FF200233D7C /* rtAudio */ = {
			isa = PBXGroup;
			children = (
				1BED7F03118A7FF200233D7C /* include */,
				1BED7F07118A7FF200233D7C /* osx */,
			);
			name = rtAudio;
			path = ../../../libs/rtAudio;
			sourceTree = SOURCE_ROOT;
		};
		1BED7F03118A7FF200233D7C /* include */ = {
			isa = PBXGroup;
			children = (
				1BED7F04118A7FF200233D7C /* asio */,
				1BED7F05118A7FF200233D7C /* RtAudio.h */,
				1BED7F06118A7FF200233D7C /* RtError.h */,
			);
			path = include;
			sourceTree = "<group>";
		};
		1BED7F07118A7FF200233D7C /* osx */ = {
			isa = PBXGroup;
			children = (
				1BED7F08118A7FF200233D7C /* rtAudio.a */,
			);
			name = osx;
			path = lib/osx;
			sourceTree = "<group>";
		};
		1BED7F09118A7FF200233D7C /* GLee */ = {
			isa = PBXGroup;
			children = (
				1BED7F0A118A7FF200233D7C /* include */,
				1BED7F0C118A7FF200233D7C /* osx */,
			);
			name = GLee;
			path = ../../../libs/GLee;
			sourceTree = SOURCE_ROOT;
		};
		1BED7F0A118A7FF200233D7C /* include */ = {
			isa = PBXGroup;
			children = (
				1BED7F0B118A7FF200233D7C /* GLee.h */,
			);
			path = include;
			sourceTree = "<group>";
		};
		1BED7F0C118A7FF200233D7C /* osx */ = {
			isa = PBXGroup;
			children = (
				1BED7F0D118A7FF200233D7C /* GLee.a */,
			);
			name = osx;
			path = lib/osx;
			sourceTree = "<group>";
		};
		1BED7F0E118A7FF200233D7C /* freetype */ = {
			isa = PBXGroup;
			children = (
				1BED7F0F118A7FF200233D7C /* osx */,
			);
			name = freetype;
			path = ../../../libs/freetype;
			sourceTree = SOURCE_ROOT;
		};
		1BED7F0F118A7FF200233D7C /* osx */ = {
			isa = PBXGroup;
			children = (
				1BED7F10118A7FF200233D7C /* freetype.a */,
			);
			name = osx;
			path = lib/osx;
			sourceTree = "<group>";
		};
		1BED7F11118A7FF200233D7C /* fmodex */ = {
			isa = PBXGroup;
			children = (
				1BED7F12118A7FF200233D7C /* include */,
				1BED7F19118A7FF200233D7C /* osx */,
			);
			name = fmodex;
			path = ../../../libs/fmodex;
			sourceTree = SOURCE_ROOT;
		};
		1BED7F12118A7FF200233D7C /* include */ = {
			isa = PBXGroup;
			children = (
				1BED7F13118A7FF200233D7C /* fmod.h */,
				1BED7F14118A7FF200233D7C /* fmod.hpp */,
				1BED7F15118A7FF200233D7C /* fmod_codec.h */,
				1BED7F16118A7FF200233D7C /* fmod_dsp.h */,
				1BED7F17118A7FF200233D7C /* fmod_errors.h */,
				1BED7F18118A7FF200233D7C /* fmod_output.h */,
			);
			path = include;
			sourceTree = "<group>";
		};
		1BED7F19118A7FF200233D7C /* osx */ = {
			isa = PBXGroup;
			children = (
				1BED7F1A118A7FF200233D7C /* libfmodex.dylib */,
			);
			name = osx;
			path = lib/osx;
			sourceTree = "<group>";
		};
		1BED7F1B118A7FF200233D7C /* freeimage */ = {
			isa = PBXGroup;
			children = (
				1BED7F1C118A7FF200233D7C /* osx */,
				1BED7F1E118A7FF200233D7C /* include */,
			);
			name = freeimage;
			path = ../../../libs/freeimage;
			sourceTree = SOURCE_ROOT;
		};
		1BED7F1C118A7FF200233D7C /* osx */ = {
			isa = PBXGroup;
			children = (
				1BED7F1D118A7FF200233D7C /* freeimage.a */,
			);
			name = osx;
			path = ../../../libs/FreeImage/lib/osx;
			sourceTree = SOURCE_ROOT;
		};
		1BED7F1E118A7FF200233D7C /* include */ = {
			isa = PBXGroup;
			children = (
				1BED7F1F118A7FF200233D7C /* FreeImage.h */,
			);
			path = include;
			sourceTree = "<group>";
		};
/* End PBXGroup section */

/* Begin PBXNativeTarget section */
		8D5B49AC048680CD000E48DA /* soundPlayerFFTDemo */ = {
			isa = PBXNativeTarget;
			buildConfigurationList = 1DEB913A08733D840010E9CD /* Build configuration list for PBXNativeTarget "soundPlayerFFTDemo" */;
			buildPhases = (
				8D5B49B1048680CD000E48DA /* Sources */,
				1B427698108145E400360A9F /* Frameworks */,
				1B427870108186A700360A9F /* Copy Library */,
				1B8CA42110845A9C00C63002 /* Data */,
				1B4273EE10813E0300360A9F /* ShellScript */,
			);
			buildRules = (
			);
			dependencies = (
			);
			name = soundPlayerFFTDemo;
			productInstallPath = "$(HOME)/Library/Bundles";
			productName = "Quartz Composer Plug In";
			productReference = 8D5B49B6048680CD000E48DA /* soundPlayerFFTDemo.plugin */;
			productType = "com.apple.product-type.bundle";
		};
/* End PBXNativeTarget section */

/* Begin PBXProject section */
		089C1669FE841209C02AAC07 /* Project object */ = {
			isa = PBXProject;
			buildConfigurationList = 1DEB913E08733D840010E9CD /* Build configuration list for PBXProject "SoundPlayerExample" */;
			compatibilityVersion = "Xcode 3.1";
			hasScannedForEncodings = 1;
			mainGroup = 089C166AFE841209C02AAC07 /* Quartz Composer Plug In */;
			projectDirPath = "";
			projectReferences = (
				{
					ProductGroup = 1BED7ED6118A7FCC00233D7C /* Products */;
					ProjectRef = 1BED7ED5118A7FCC00233D7C /* openFrameworksLib.xcodeproj */;
				},
			);
			projectRoot = "";
			targets = (
				8D5B49AC048680CD000E48DA /* soundPlayerFFTDemo */,
				233E2C640A83C768005A62DF /* Build & Copy */,
			);
		};
/* End PBXProject section */

/* Begin PBXReferenceProxy section */
		1BED7EDA118A7FCC00233D7C /* openFrameworksDebug.a */ = {
			isa = PBXReferenceProxy;
			fileType = archive.ar;
			path = openFrameworksDebug.a;
			remoteRef = 1BED7ED9118A7FCC00233D7C /* PBXContainerItemProxy */;
			sourceTree = BUILT_PRODUCTS_DIR;
		};
/* End PBXReferenceProxy section */

/* Begin PBXShellScriptBuildPhase section */
		1B4273EE10813E0300360A9F /* ShellScript */ = {
			isa = PBXShellScriptBuildPhase;
			buildActionMask = 2147483647;
			files = (
			);
			inputPaths = (
			);
			outputPaths = (
			);
			runOnlyForDeploymentPostprocessing = 0;
			shellPath = /bin/sh;
			shellScript = "#cp -f ../../../libs/fmodex/lib/libfmodex.dylib \"$TARGET_BUILD_DIR/$PRODUCT_NAME.plugin/Contents/Frameworks/libfmodex.dylib\"\nmkdir -p \"$TARGET_BUILD_DIR/$PRODUCT_NAME.plugin/Contents/Resources/Data\"\ninstall_name_tool -change ./libfmodex.dylib @loader_path/../Frameworks/libfmodex.dylib \"$TARGET_BUILD_DIR/$PRODUCT_NAME.plugin/Contents/MacOS/$PRODUCT_NAME\" ";
		};
		233E2C690A83C783005A62DF /* ShellScript */ = {
			isa = PBXShellScriptBuildPhase;
			buildActionMask = 2147483647;
			files = (
			);
			inputPaths = (
			);
			outputPaths = (
			);
			runOnlyForDeploymentPostprocessing = 0;
			shellPath = /bin/sh;
			shellScript = "# This shell script simply copies the built plug-in to \"~/Library/Graphics/Quartz Composer Plug-Ins\" and overrides any previous version at that location\n\nmkdir -p \"$USER_LIBRARY_DIR/Graphics/Quartz Composer Plug-Ins\"\nrm -rf \"$USER_LIBRARY_DIR/Graphics/Quartz Composer Plug-Ins/soundPlayerFFTDemo.plugin\"\ncp -rf \"$BUILT_PRODUCTS_DIR/soundPlayerFFTDemo.plugin\" \"$USER_LIBRARY_DIR/Graphics/Quartz Composer Plug-Ins/\"\n";
		};
/* End PBXShellScriptBuildPhase section */

/* Begin PBXSourcesBuildPhase section */
		8D5B49B1048680CD000E48DA /* Sources */ = {
			isa = PBXSourcesBuildPhase;
			buildActionMask = 2147483647;
			files = (
				16BA95420A7EB2EB001E4983 /* soundPlayerFFTPlugin.mm in Sources */,
				1B4277D910816F3200360A9F /* testApp.cpp in Sources */,
				1BED7EE4118A7FD300233D7C /* ofxQCBaseWindowProxy.cpp in Sources */,
				1BED7EE5118A7FD300233D7C /* ofxQCIOUtilities.mm in Sources */,
			);
			runOnlyForDeploymentPostprocessing = 0;
		};
/* End PBXSourcesBuildPhase section */

/* Begin PBXTargetDependency section */
		233E2C660A83C76D005A62DF /* PBXTargetDependency */ = {
			isa = PBXTargetDependency;
			target = 8D5B49AC048680CD000E48DA /* soundPlayerFFTDemo */;
			targetProxy = 233E2C650A83C76D005A62DF /* PBXContainerItemProxy */;
		};
/* End PBXTargetDependency section */

/* Begin XCBuildConfiguration section */
		1DEB913B08733D840010E9CD /* Debug */ = {
			isa = XCBuildConfiguration;
			buildSettings = {
				ARCHS = "$(NATIVE_ARCH)";
				COPY_PHASE_STRIP = NO;
				DEAD_CODE_STRIPPING = YES;
				FRAMEWORK_SEARCH_PATHS = (
					"$(inherited)",
					"\"$(SRCROOT)/../../../libs/glut/lib/osx\"",
				);
				FRAMEWORK_SEARCH_PATHS_QUOTED_FOR_TARGET_1 = "\"$(SRCROOT)/../../../libs/glut/lib/osx\"";
				GCC_AUTO_VECTORIZATION = YES;
				GCC_C_LANGUAGE_STANDARD = "compiler-default";
				GCC_DYNAMIC_NO_PIC = NO;
				GCC_ENABLE_FIX_AND_CONTINUE = YES;
				GCC_ENABLE_OBJC_GC = unsupported;
				GCC_ENABLE_SSE3_EXTENSIONS = YES;
				GCC_ENABLE_SSE41_EXTENSIONS = NO;
				GCC_ENABLE_SUPPLEMENTAL_SSE3_INSTRUCTIONS = YES;
				GCC_INLINES_ARE_PRIVATE_EXTERN = NO;
				GCC_MODEL_TUNING = G5;
				GCC_OPTIMIZATION_LEVEL = 0;
				GCC_PRECOMPILE_PREFIX_HEADER = YES;
				GCC_WARN_ABOUT_DEPRECATED_FUNCTIONS = NO;
				GCC_WARN_ABOUT_INVALID_OFFSETOF_MACRO = NO;
				GCC_WARN_ABOUT_RETURN_TYPE = NO;
				GCC_WARN_ALLOW_INCOMPLETE_PROTOCOL = NO;
				GCC_WARN_UNUSED_VARIABLE = NO;
				HEADER_SEARCH_PATHS = (
					"../../../libs/openFrameworks/**",
					../../../libs/freetype/include/,
					../../../libs/freetype/include/freetype2,
					../../../libs/poco/include,
					../../../addons/,
				);
				INFOPLIST_FILE = Info.plist;
				INSTALL_PATH = "$(HOME)/Library/Graphics/Quartz Composer Plug-Ins";
				LIBRARY_SEARCH_PATHS = (
					"$(inherited)",
					"$(LIBRARY_SEARCH_PATHS_QUOTED_FOR_TARGET_1)",
					"$(LIBRARY_SEARCH_PATHS_QUOTED_FOR_TARGET_2)",
					"$(LIBRARY_SEARCH_PATHS_QUOTED_FOR_TARGET_3)",
					"$(LIBRARY_SEARCH_PATHS_QUOTED_FOR_TARGET_4)",
					"$(LIBRARY_SEARCH_PATHS_QUOTED_FOR_TARGET_5)",
					"$(LIBRARY_SEARCH_PATHS_QUOTED_FOR_TARGET_6)",
					"$(LIBRARY_SEARCH_PATHS_QUOTED_FOR_TARGET_7)",
					"$(LIBRARY_SEARCH_PATHS_QUOTED_FOR_TARGET_8)",
					"$(LIBRARY_SEARCH_PATHS_QUOTED_FOR_TARGET_9)",
					"$(LIBRARY_SEARCH_PATHS_QUOTED_FOR_TARGET_10)",
					"$(LIBRARY_SEARCH_PATHS_QUOTED_FOR_TARGET_11)",
					"$(LIBRARY_SEARCH_PATHS_QUOTED_FOR_TARGET_12)",
					"$(LIBRARY_SEARCH_PATHS_QUOTED_FOR_TARGET_13)",
					"$(LIBRARY_SEARCH_PATHS_QUOTED_FOR_TARGET_14)",
					"$(LIBRARY_SEARCH_PATHS_QUOTED_FOR_TARGET_15)",
					"$(LIBRARY_SEARCH_PATHS_QUOTED_FOR_TARGET_9)",
					"\"$(SRCROOT)/../../../libs/poco/lib/osx\"",
					"\"$(SRCROOT)/../../../libs/freetype/lib/osx\"",
					"\"$(SRCROOT)/../../../libs/fmodex/lib/osx\"",
					"\"$(SRCROOT)/../../../libs/FreeImage/lib/osx\"",
					"\"$(SRCROOT)/../../../libs/GLee/lib/osx\"",
					"\"$(SRCROOT)/../../../libs/rtAudio/lib/osx\"",
				);
				LIBRARY_SEARCH_PATHS_QUOTED_FOR_TARGET_1 = "\"$(SRCROOT)/../../../libs/freeimage/lib/osx\"";
				LIBRARY_SEARCH_PATHS_QUOTED_FOR_TARGET_11 = "\"$(SRCROOT)/../../../libs/poco/lib/osx\"";
				LIBRARY_SEARCH_PATHS_QUOTED_FOR_TARGET_12 = "\"$(SRCROOT)/../../../addons/ofxOpenCv/libs/opencv/lib/osx\"";
				LIBRARY_SEARCH_PATHS_QUOTED_FOR_TARGET_13 = "\"$(SRCROOT)/../../../addons/ofxOsc/libs/oscpack/lib/osx\"";
				LIBRARY_SEARCH_PATHS_QUOTED_FOR_TARGET_14 = "\"$(SRCROOT)/../../../libs/fmodex/lib/osx\"";
				LIBRARY_SEARCH_PATHS_QUOTED_FOR_TARGET_15 = "\"$(SRCROOT)/../../../libs/freetype/lib/osx\"";
				LIBRARY_SEARCH_PATHS_QUOTED_FOR_TARGET_2 = "\"$(SRCROOT)/../../../libs/fmodex/lib/osx\"";
				LIBRARY_SEARCH_PATHS_QUOTED_FOR_TARGET_3 = "\"$(SRCROOT)/../../../libs/freetype/lib/osx\"";
				LIBRARY_SEARCH_PATHS_QUOTED_FOR_TARGET_4 = "\"$(SRCROOT)/../../../libs/GLee/lib/osx\"";
				LIBRARY_SEARCH_PATHS_QUOTED_FOR_TARGET_5 = "\"$(SRCROOT)/../../../libs/poco/lib/osx\"";
				LIBRARY_SEARCH_PATHS_QUOTED_FOR_TARGET_6 = "\"$(SRCROOT)/../../../libs/rtAudio/lib/osx\"";
				LIBRARY_SEARCH_PATHS_QUOTED_FOR_TARGET_7 = "\"$(SRCROOT)/../../../addons/ofxOpenCv/libs/opencv/lib/osx\"";
				LIBRARY_SEARCH_PATHS_QUOTED_FOR_TARGET_8 = "\"$(SRCROOT)/../../../addons/ofxOsc/libs/oscpack/lib/osx\"";
				LIBRARY_SEARCH_PATHS_QUOTED_FOR_TARGET_9 = "\"$(SRCROOT)/../../../libs/FreeImage/lib/osx\"";
				MACOSX_DEPLOYMENT_TARGET = 10.5;
				ONLY_ACTIVE_ARCH = NO;
				OTHER_CPLUSPLUSFLAGS = (
					"-D__MACOSX_CORE__",
					"-lpthread",
				);
				PREBINDING = NO;
				PRODUCT_NAME = soundPlayerFFTDemo;
				SDKROOT = macosx10.6;
				STRIP_STYLE = all;
				WRAPPER_EXTENSION = plugin;
				ZERO_LINK = NO;
			};
			name = Debug;
		};
		1DEB913C08733D840010E9CD /* Release */ = {
			isa = XCBuildConfiguration;
			buildSettings = {
				ARCHS = "$(ARCHS_STANDARD_32_64_BIT)";
				DEBUG_INFORMATION_FORMAT = "dwarf-with-dsym";
				FRAMEWORK_SEARCH_PATHS = (
					"$(inherited)",
					"\"$(SRCROOT)/../../../libs/glut/lib/osx\"",
				);
				GCC_C_LANGUAGE_STANDARD = "compiler-default";
				GCC_ENABLE_FIX_AND_CONTINUE = YES;
				GCC_ENABLE_OBJC_GC = unsupported;
				GCC_INLINES_ARE_PRIVATE_EXTERN = NO;
				GCC_MODEL_TUNING = G5;
				GCC_OPTIMIZATION_LEVEL = 0;
				GCC_PRECOMPILE_PREFIX_HEADER = YES;
				GCC_PREFIX_HEADER = soundPlayerFFTPlugin.pch;
				GCC_WARN_ABOUT_DEPRECATED_FUNCTIONS = NO;
				GCC_WARN_ABOUT_INVALID_OFFSETOF_MACRO = NO;
				GCC_WARN_UNUSED_VARIABLE = NO;
				HEADER_SEARCH_PATHS = "$(OpenFrameWorksPath)/libs/poco/include";
				INFOPLIST_FILE = Info.plist;
				INSTALL_PATH = "$(HOME)/Library/Graphics/Quartz Composer Plug-Ins";
				LIBRARY_SEARCH_PATHS = (
					"$(inherited)",
					"$(LIBRARY_SEARCH_PATHS_QUOTED_FOR_TARGET_1)",
					"$(LIBRARY_SEARCH_PATHS_QUOTED_FOR_TARGET_2)",
					"$(LIBRARY_SEARCH_PATHS_QUOTED_FOR_TARGET_3)",
					"$(LIBRARY_SEARCH_PATHS_QUOTED_FOR_TARGET_4)",
					"$(LIBRARY_SEARCH_PATHS_QUOTED_FOR_TARGET_5)",
					"$(LIBRARY_SEARCH_PATHS_QUOTED_FOR_TARGET_6)",
					"$(LIBRARY_SEARCH_PATHS_QUOTED_FOR_TARGET_7)",
					"$(LIBRARY_SEARCH_PATHS_QUOTED_FOR_TARGET_8)",
					"$(LIBRARY_SEARCH_PATHS_QUOTED_FOR_TARGET_9)",
					"$(LIBRARY_SEARCH_PATHS_QUOTED_FOR_TARGET_10)",
					"$(LIBRARY_SEARCH_PATHS_QUOTED_FOR_TARGET_11)",
					"$(LIBRARY_SEARCH_PATHS_QUOTED_FOR_TARGET_12)",
					"\"$(SRCROOT)/../../../libs/poco/lib\"",
					"\"$(SRCROOT)/../../../libs/rtAudio/lib\"",
					"\"$(SRCROOT)/../../../libs/GLee/lib\"",
					"\"$(SRCROOT)/../../../libs/freetype/lib\"",
					"\"$(SRCROOT)/../../../libs/fmodex/lib\"",
					"\"$(SRCROOT)/../../../libs/freeimage/lib\"",
					/Users/vade/Documents/of_preRelease_v0.06_xcode_FAT/libs/fmodex/lib,
					/Users/vade/Documents/of_preRelease_v0.06_xcode_FAT/libs/freeimage/lib,
					/Users/vade/Documents/of_preRelease_v0.06_xcode_FAT/libs/freetype/lib,
					/Users/vade/Documents/of_preRelease_v0.06_xcode_FAT/libs/GLee/lib,
					/Users/vade/Documents/of_preRelease_v0.06_xcode_FAT/libs/poco/lib,
					/Users/vade/Documents/of_preRelease_v0.06_xcode_FAT/libs/rtAudio/lib,
					"\"$(SRCROOT)/../../../libs/poco/lib/osx\"",
					"\"$(SRCROOT)/../../../libs/rtAudio/lib/osx\"",
					"\"$(SRCROOT)/../../../libs/GLee/lib/osx\"",
					"\"$(SRCROOT)/../../../libs/freetype/lib/osx\"",
					"\"$(SRCROOT)/../../../libs/fmodex/lib/osx\"",
					"\"$(SRCROOT)/../../../libs/FreeImage/lib/osx\"",
				);
				LIBRARY_SEARCH_PATHS_QUOTED_FOR_TARGET_1 = "\"$(OpenFrameWorksPath)/libs/freeimage/lib\"";
				LIBRARY_SEARCH_PATHS_QUOTED_FOR_TARGET_2 = "\"$(OpenFrameWorksPath)/libs/fmodex/lib\"";
				LIBRARY_SEARCH_PATHS_QUOTED_FOR_TARGET_3 = "\"$(OpenFrameWorksPath)/libs/freetype/lib\"";
				LIBRARY_SEARCH_PATHS_QUOTED_FOR_TARGET_4 = "\"$(OpenFrameWorksPath)/libs/GLee/lib\"";
				LIBRARY_SEARCH_PATHS_QUOTED_FOR_TARGET_5 = "\"$(OpenFrameWorksPath)/libs/poco/lib\"";
				LIBRARY_SEARCH_PATHS_QUOTED_FOR_TARGET_6 = "\"$(OpenFrameWorksPath)/libs/rtAudio/lib\"";
				OTHER_CPLUSPLUSFLAGS = (
					"-D__MACOSX_CORE__",
					"-lpthread",
				);
				OpenFrameWorksPath = /Users/vade/Documents/of_preRelease_v0.06_xcode_FAT;
				PRODUCT_NAME = QCtoOFImageDemo;
				SDKROOT = macosx10.6;
				WRAPPER_EXTENSION = plugin;
			};
			name = Release;
		};
		1DEB913F08733D840010E9CD /* Debug */ = {
			isa = XCBuildConfiguration;
			buildSettings = {
				ARCHS = "$(NATIVE_ARCH)";
				GCC_C_LANGUAGE_STANDARD = gnu99;
				GCC_WARN_ABOUT_RETURN_TYPE = YES;
				GCC_WARN_UNUSED_VARIABLE = YES;
				MACOSX_DEPLOYMENT_TARGET = 10.6;
				ONLY_ACTIVE_ARCH = YES;
				SDKROOT = macosx10.6;
			};
			name = Debug;
		};
		1DEB914008733D840010E9CD /* Release */ = {
			isa = XCBuildConfiguration;
			buildSettings = {
				ARCHS = "$(ARCHS_STANDARD_32_64_BIT)";
				GCC_C_LANGUAGE_STANDARD = gnu99;
				GCC_WARN_ABOUT_RETURN_TYPE = YES;
				GCC_WARN_UNUSED_VARIABLE = YES;
				MACOSX_DEPLOYMENT_TARGET = 10.6;
				SDKROOT = macosx10.6;
			};
			name = Release;
		};
		233E2D8A0A83C7AC005A62DF /* Debug */ = {
			isa = XCBuildConfiguration;
			buildSettings = {
				PRODUCT_NAME = "Build & Install";
			};
			name = Debug;
		};
		233E2D8B0A83C7AC005A62DF /* Release */ = {
			isa = XCBuildConfiguration;
			buildSettings = {
				PRODUCT_NAME = "Build & Install";
			};
			name = Release;
		};
/* End XCBuildConfiguration section */

/* Begin XCConfigurationList section */
		1DEB913A08733D840010E9CD /* Build configuration list for PBXNativeTarget "soundPlayerFFTDemo" */ = {
			isa = XCConfigurationList;
			buildConfigurations = (
				1DEB913B08733D840010E9CD /* Debug */,
				1DEB913C08733D840010E9CD /* Release */,
			);
			defaultConfigurationIsVisible = 0;
			defaultConfigurationName = Release;
		};
		1DEB913E08733D840010E9CD /* Build configuration list for PBXProject "SoundPlayerExample" */ = {
			isa = XCConfigurationList;
			buildConfigurations = (
				1DEB913F08733D840010E9CD /* Debug */,
				1DEB914008733D840010E9CD /* Release */,
			);
			defaultConfigurationIsVisible = 0;
			defaultConfigurationName = Release;
		};
		233E2D890A83C7AC005A62DF /* Build configuration list for PBXAggregateTarget "Build & Copy" */ = {
			isa = XCConfigurationList;
			buildConfigurations = (
				233E2D8A0A83C7AC005A62DF /* Debug */,
				233E2D8B0A83C7AC005A62DF /* Release */,
			);
			defaultConfigurationIsVisible = 0;
			defaultConfigurationName = Release;
		};
/* End XCConfigurationList section */
	};
	rootObject = 089C1669FE841209C02AAC07 /* Project object */;
}
